
Microsoft Visual Studio Solution File, Format Version 11.00
# Visual Studio 2010
Project("{8BC9CEB8-8B4A-11D0-8D11-00A0C91BC942}") = "ACDGateway", "ACDGateway\ACDGateway.vcxproj", "{3F734748-9107-4DE4-A53E-4F0C40E86EFE}"
EndProject
Project("{8BC9CEB8-8B4A-11D0-8D11-00A0C91BC942}") = "ServiceFrame", "ServiceFrame\ServiceFrame.vcxproj", "{0AF93C54-B30A-4149-91BB-0746D78F6951}"
EndProject
Project("{FAE04EC0-301F-11D3-BF4B-00C04F79EFBC}") = "AGMIR", "AGMIR\AGMIR.csproj", "{2B709226-48B9-435F-B1B4-8C59E76ECF05}"
EndProject
Global
	GlobalSection(SolutionConfigurationPlatforms) = preSolution
		Debug|Mixed Platforms = Debug|Mixed Platforms
		Debug|Win32 = Debug|Win32
		Debug|x86 = Debug|x86
		Release|Mixed Platforms = Release|Mixed Platforms
		Release|Win32 = Release|Win32
		Release|x86 = Release|x86
	EndGlobalSection
	GlobalSection(ProjectConfigurationPlatforms) = postSolution
		{3F734748-9107-4DE4-A53E-4F0C40E86EFE}.Debug|Mixed Platforms.ActiveCfg = Debug|Win32
		{3F734748-9107-4DE4-A53E-4F0C40E86EFE}.Debug|Mixed Platforms.Build.0 = Debug|Win32
		{3F734748-9107-4DE4-A53E-4F0C40E86EFE}.Debug|Win32.ActiveCfg = Debug|Win32
		{3F734748-9107-4DE4-A53E-4F0C40E86EFE}.Debug|Win32.Build.0 = Debug|Win32
		{3F734748-9107-4DE4-A53E-4F0C40E86EFE}.Debug|x86.ActiveCfg = Debug|Win32
		{3F734748-9107-4DE4-A53E-4F0C40E86EFE}.Release|Mixed Platforms.ActiveCfg = Release|Win32
		{3F734748-9107-4DE4-A53E-4F0C40E86EFE}.Release|Mixed Platforms.Build.0 = Release|Win32
		{3F734748-9107-4DE4-A53E-4F0C40E86EFE}.Release|Win32.ActiveCfg = Release|Win32
		{3F734748-9107-4DE4-A53E-4F0C40E86EFE}.Release|Win32.Build.0 = Release|Win32
		{3F734748-9107-4DE4-A53E-4F0C40E86EFE}.Release|x86.ActiveCfg = Release|Win32
		{0AF93C54-B30A-4149-91BB-0746D78F6951}.Debug|Mixed Platforms.ActiveCfg = Debug|Win32
		{0AF93C54-B30A-4149-91BB-0746D78F6951}.Debug|Mixed Platforms.Build.0 = Debug|Win32
		{0AF93C54-B30A-4149-91BB-0746D78F6951}.Debug|Win32.ActiveCfg = Debug|Win32
		{0AF93C54-B30A-4149-91BB-0746D78F6951}.Debug|Win32.Build.0 = Debug|Win32
		{0AF93C54-B30A-4149-91BB-0746D78F6951}.Debug|x86.ActiveCfg = Debug|Win32
		{0AF93C54-B30A-4149-91BB-0746D78F6951}.Release|Mixed Platforms.ActiveCfg = Release|Win32
		{0AF93C54-B30A-4149-91BB-0746D78F6951}.Release|Mixed Platforms.Build.0 = Release|Win32
		{0AF93C54-B30A-4149-91BB-0746D78F6951}.Release|Win32.ActiveCfg = Release|Win32
		{0AF93C54-B30A-4149-91BB-0746D78F6951}.Release|Win32.Build.0 = Release|Win32
		{0AF93C54-B30A-4149-91BB-0746D78F6951}.Release|x86.ActiveCfg = Release|Win32
		{2B709226-48B9-435F-B1B4-8C59E76ECF05}.Debug|Mixed Platforms.ActiveCfg = Debug|x86
		{2B709226-48B9-435F-B1B4-8C59E76ECF05}.Debug|Mixed Platforms.Build.0 = Debug|x86
		{2B709226-48B9-435F-B1B4-8C59E76ECF05}.Debug|Win32.ActiveCfg = Debug|x86
		{2B709226-48B9-435F-B1B4-8C59E76ECF05}.Debug|x86.ActiveCfg = Debug|x86
		{2B709226-48B9-435F-B1B4-8C59E76ECF05}.Debug|x86.Build.0 = Debug|x86
		{2B709226-48B9-435F-B1B4-8C59E76ECF05}.Release|Mixed Platforms.ActiveCfg = Release|x86
		{2B709226-48B9-435F-B1B4-8C59E76ECF05}.Release|Mixed Platforms.Build.0 = Release|x86
		{2B709226-48B9-435F-B1B4-8C59E76ECF05}.Release|Win32.ActiveCfg = Release|x86
		{2B709226-48B9-435F-B1B4-8C59E76ECF05}.Release|x86.ActiveCfg = Release|x86
		{2B709226-48B9-435F-B1B4-8C59E76ECF05}.Release|x86.Build.0 = Release|x86
	EndGlobalSection
	GlobalSection(SolutionProperties) = preSolution
		HideSolutionNode = FALSE
	EndGlobalSection
EndGlobal
